
Microsoft Visual Studio Solution File, Format Version 12.00
# Visual Studio Version 17
VisualStudioVersion = 17.0.31912.275
MinimumVisualStudioVersion = 10.0.40219.1
Project("{FAE04EC0-301F-11D3-BF4B-00C04F79EFBC}") = "Module7", "Module7.csproj", "{1FCAA3E7-8B80-4403-A1D3-DB5C127B6FE0}"
EndProject
Global
	GlobalSection(SolutionConfigurationPlatforms) = preSolution
		Debug|Any CPU = Debug|Any CPU
		Release|Any CPU = Release|Any CPU
	EndGlobalSection
	GlobalSection(ProjectConfigurationPlatforms) = postSolution
		{1FCAA3E7-8B80-4403-A1D3-DB5C127B6FE0}.Debug|Any CPU.ActiveCfg = Debug|Any CPU
		{1FCAA3E7-8B80-4403-A1D3-DB5C127B6FE0}.Debug|Any CPU.Build.0 = Debug|Any CPU
		{1FCAA3E7-8B80-4403-A1D3-DB5C127B6FE0}.Release|Any CPU.ActiveCfg = Release|Any CPU
		{1FCAA3E7-8B80-4403-A1D3-DB5C127B6FE0}.Release|Any CPU.Build.0 = Release|Any CPU
	EndGlobalSection
	GlobalSection(SolutionProperties) = preSolution
		HideSolutionNode = FALSE
	EndGlobalSection
	GlobalSection(ExtensibilityGlobals) = postSolution
		SolutionGuid = {A5F1CE00-DE47-43CC-B9E3-D113EFF287DC}
	EndGlobalSection
EndGlobal
